{
  "name": "playground",
  "version": "1.0.0",
  "lockfileVersion": 3,
  "requires": true,
  "packages": {
    "": {
      "name": "playground",
      "version": "1.0.0",
      "license": "ISC",
      "dependencies": {
        "@stratix/framework": "file:../"
      },
      "devDependencies": {
        "prettier": "3.8.1",
        "typescript": "5.9.3"
      }
    },
    "..": {
      "name": "@stratix/framework",
      "version": "0.9.0",
      "license": "MIT",
      "dependencies": {
        "awilix": "12.0.5",
        "yaml": "2.8.2"
      },
      "devDependencies": {
        "@eslint/js": "9.39.2",
        "@types/node": "25.0.3",
        "@vitest/coverage-v8": "4.0.16",
        "eslint": "9.39.2",
        "eslint-config-prettier": "10.1.8",
        "eslint-plugin-prettier": "5.5.5",
        "prettier": "3.7.4",
        "tsx": "4.21.0",
        "typescript": "5.9.3",
        "typescript-eslint": "8.53.0",
        "vitest": "4.0.16"
      },
      "engines": {
        "node": ">=24.0.0"
      }
    },
    "../framework": {
      "extraneous": true
    },
    "../src": {
      "extraneous": true
    },
    "node_modules/@stratix/framework": {
      "resolved": "..",
      "link": true
    },
    "node_modules/prettier": {
      "version": "3.8.1",
      "resolved": "https://registry.npmjs.org/prettier/-/prettier-3.8.1.tgz",
      "integrity": "sha512-UOnG6LftzbdaHZcKoPFtOcCKztrQ57WkHDeRD9t/PTQtmT0NHSeWWepj6pS0z/N7+08BHFDQVUrfmfMRcZwbMg==",
      "dev": true,
      "license": "MIT",
      "bin": {
        "prettier": "bin/prettier.cjs"
      },
      "engines": {
        "node": ">=14"
      },
      "funding": {
        "url": "https://github.com/prettier/prettier?sponsor=1"
      }
    },
    "node_modules/typescript": {
      "version": "5.9.3",
      "resolved": "https://registry.npmjs.org/typescript/-/typescript-5.9.3.tgz",
      "integrity": "sha512-jl1vZzPDinLr9eUt3J/t7V6FgNEw9QjvBPdysz9KfQDD41fQrC2Y4vKQdiaUpFT4bXlb1RHhLpp8wtm6M5TgSw==",
      "dev": true,
      "license": "Apache-2.0",
      "bin": {
        "tsc": "bin/tsc",
        "tsserver": "bin/tsserver"
      },
      "engines": {
        "node": ">=14.17"
      }
    }
  }
}
